
Microsoft Visual Studio Solution File, Format Version 12.00
# Visual Studio Version 16
VisualStudioVersion = 16.0.34301.259
MinimumVisualStudioVersion = 10.0.40219.1
Project("{FAE04EC0-301F-11D3-BF4B-00C04F79EFBC}") = "Projeto Cadastro", "Projeto Cadastro.csproj", "{C9E77222-C860-4604-9EBD-C76C84374C4E}"
EndProject
Global
	GlobalSection(SolutionConfigurationPlatforms) = preSolution
		Debug|Any CPU = Debug|Any CPU
		Release|Any CPU = Release|Any CPU
	EndGlobalSection
	GlobalSection(ProjectConfigurationPlatforms) = postSolution
		{C9E77222-C860-4604-9EBD-C76C84374C4E}.Debug|Any CPU.ActiveCfg = Debug|Any CPU
		{C9E77222-C860-4604-9EBD-C76C84374C4E}.Debug|Any CPU.Build.0 = Debug|Any CPU
		{C9E77222-C860-4604-9EBD-C76C84374C4E}.Release|Any CPU.ActiveCfg = Release|Any CPU
		{C9E77222-C860-4604-9EBD-C76C84374C4E}.Release|Any CPU.Build.0 = Release|Any CPU
	EndGlobalSection
	GlobalSection(SolutionProperties) = preSolution
		HideSolutionNode = FALSE
	EndGlobalSection
	GlobalSection(ExtensibilityGlobals) = postSolution
		SolutionGuid = {A604BF88-6170-4201-BF08-F2F19506BE22}
	EndGlobalSection
EndGlobal
